{
    "_readme": [
        "This file locks the dependencies of your project to a known state",
        "Read more about it at https://getcomposer.org/doc/01-basic-usage.md#installing-dependencies",
        "This file is @generated automatically"
    ],
    "content-hash": "750469758633e68604ca1368042dd610",
    "packages": [
        {
            "name": "jakoch/phantomjs-installer",
            "version": "3.0.0",
            "source": {
                "type": "git",
                "url": "https://github.com/jakoch/phantomjs-installer.git",
                "reference": "1f2df4a7cd4c860b01bf9c3ffeb9962f85f76e67"
            },
            "dist": {
                "type": "zip",
                "url": "https://api.github.com/repos/jakoch/phantomjs-installer/zipball/1f2df4a7cd4c860b01bf9c3ffeb9962f85f76e67",
                "reference": "1f2df4a7cd4c860b01bf9c3ffeb9962f85f76e67",
                "shasum": ""
            },
            "require": {
                "ext-bz2": "*",
                "ext-openssl": "*",
                "php": ">5.3"
            },
            "require-dev": {
                "composer/composer": "^1.2",
                "phpunit/phpunit": "^8"
            },
            "type": "custom-installer",
            "autoload": {
                "psr-4": {
                    "PhantomInstaller\\Test\\": "tests/"
                },
                "psr-0": {
                    "PhantomInstaller\\": "src/"
                }
            },
            "notification-url": "https://packagist.org/downloads/",
            "license": [
                "MIT"
            ],
            "authors": [
                {
                    "name": "Jens-André Koch",
                    "email": "jakoch@web.de"
                }
            ],
            "description": "A Composer package which installs the PhantomJS binary (Linux, Windows, Mac) into `/bin` of your project.",
            "keywords": [
                "binaries",
                "headless",
                "phantomjs"
            ],
            "support": {
                "issues": "https://github.com/jakoch/phantomjs-installer/issues",
                "source": "https://github.com/jakoch/phantomjs-installer/tree/master"
            },
            "time": "2020-07-18T05:26:32+00:00"
        },
        {
            "name": "jonnyw/php-phantomjs",
            "version": "v4.6.1",
            "source": {
                "type": "git",
                "url": "https://github.com/jonnnnyw/php-phantomjs.git",
                "reference": "f35764503f6828908fd1108c960080edf915eabe"
            },
            "dist": {
                "type": "zip",
                "url": "https://api.github.com/repos/jonnnnyw/php-phantomjs/zipball/f35764503f6828908fd1108c960080edf915eabe",
                "reference": "f35764503f6828908fd1108c960080edf915eabe",
                "shasum": ""
            },
            "require": {
                "jakoch/phantomjs-installer": "2.1.1-p08",
                "php": ">=5.4.0",
                "symfony/config": "~2.3|~3.0",
                "symfony/dependency-injection": "~2.3|~3.0",
                "symfony/filesystem": "~2.3|~3.0",
                "symfony/yaml": "~2.3|~3.0",
                "twig/twig": "~1.16"
            },
            "require-dev": {
                "phpunit/phpunit": "~4.0",
                "smalot/pdfparser": "~0.9",
                "zendframework/zendpdf": "~2.0"
            },
            "type": "library",
            "autoload": {
                "psr-0": {
                    "JonnyW\\PhantomJs\\": "src"
                },
                "classmap": [
                    "src/"
                ]
            },
            "notification-url": "https://packagist.org/downloads/",
            "license": [
                "MIT"
            ],
            "authors": [
                {
                    "name": "Jonny Wenmoth",
                    "email": "contact@jonnyw.me",
                    "homepage": "http://jonnyw.me/"
                }
            ],
            "description": "A PHP wrapper for loading pages through PhantomJS",
            "keywords": [
                "Headless Browser",
                "phantomjs",
                "testing"
            ],
            "support": {
                "issues": "https://github.com/jonnnnyw/php-phantomjs/issues",
                "source": "https://github.com/jonnnnyw/php-phantomjs/tree/master"
            },
            "time": "2018-04-03T17:45:23+00:00"
        },
        {
            "name": "michaeluno/php-classmap-generator",
            "version": "1.2.1",
            "source": {
                "type": "git",
                "url": "https://github.com/michaeluno/php-classmap-generator.git",
                "reference": "a023cb9799e682a5216d95d0922db4672df7199f"
            },
            "dist": {
                "type": "zip",
                "url": "https://api.github.com/repos/michaeluno/php-classmap-generator/zipball/a023cb9799e682a5216d95d0922db4672df7199f",
                "reference": "a023cb9799e682a5216d95d0922db4672df7199f",
                "shasum": ""
            },
            "require": {
                "php": ">=5.6.20"
            },
            "type": "library",
            "autoload": {
                "psr-4": {
                    "PHPClassMapGenerator\\": "source/"
                }
            },
            "notification-url": "https://packagist.org/downloads/",
            "license": [
                "MIT"
            ],
            "authors": [
                {
                    "name": "Michael Uno",
                    "email": "michael2@michaeluno.jp"
                }
            ],
            "description": "A PHP class that generates class maps for autoload.",
            "support": {
                "issues": "https://github.com/michaeluno/php-classmap-generator/issues",
                "source": "https://github.com/michaeluno/php-classmap-generator/tree/1.2.1"
            },
            "time": "2021-01-19T13:59:52+00:00"
        },
        {
            "name": "psr/container",
            "version": "1.1.1",
            "source": {
                "type": "git",
                "url": "https://github.com/php-fig/container.git",
                "reference": "8622567409010282b7aeebe4bb841fe98b58dcaf"
            },
            "dist": {
                "type": "zip",
                "url": "https://api.github.com/repos/php-fig/container/zipball/8622567409010282b7aeebe4bb841fe98b58dcaf",
                "reference": "8622567409010282b7aeebe4bb841fe98b58dcaf",
                "shasum": ""
            },
            "require": {
                "php": ">=7.2.0"
            },
            "type": "library",
            "autoload": {
                "psr-4": {
                    "Psr\\Container\\": "src/"
                }
            },
            "notification-url": "https://packagist.org/downloads/",
            "license": [
                "MIT"
            ],
            "authors": [
                {
                    "name": "PHP-FIG",
                    "homepage": "https://www.php-fig.org/"
                }
            ],
            "description": "Common Container Interface (PHP FIG PSR-11)",
            "homepage": "https://github.com/php-fig/container",
            "keywords": [
                "PSR-11",
                "container",
                "container-interface",
                "container-interop",
                "psr"
            ],
            "support": {
                "issues": "https://github.com/php-fig/container/issues",
                "source": "https://github.com/php-fig/container/tree/1.1.1"
            },
            "time": "2021-03-05T17:36:06+00:00"
        },
        {
            "name": "symfony/config",
            "version": "v3.4.47",
            "source": {
                "type": "git",
                "url": "https://github.com/symfony/config.git",
                "reference": "bc6b3fd3930d4b53a60b42fe2ed6fc466b75f03f"
            },
            "dist": {
                "type": "zip",
                "url": "https://api.github.com/repos/symfony/config/zipball/bc6b3fd3930d4b53a60b42fe2ed6fc466b75f03f",
                "reference": "bc6b3fd3930d4b53a60b42fe2ed6fc466b75f03f",
                "shasum": ""
            },
            "require": {
                "php": "^5.5.9|>=7.0.8",
                "symfony/filesystem": "~2.8|~3.0|~4.0",
                "symfony/polyfill-ctype": "~1.8"
            },
            "conflict": {
                "symfony/dependency-injection": "<3.3",
                "symfony/finder": "<3.3"
            },
            "require-dev": {
                "symfony/dependency-injection": "~3.3|~4.0",
                "symfony/event-dispatcher": "~3.3|~4.0",
                "symfony/finder": "~3.3|~4.0",
                "symfony/yaml": "~3.0|~4.0"
            },
            "suggest": {
                "symfony/yaml": "To use the yaml reference dumper"
            },
            "type": "library",
            "autoload": {
                "psr-4": {
                    "Symfony\\Component\\Config\\": ""
                },
                "exclude-from-classmap": [
                    "/Tests/"
                ]
            },
            "notification-url": "https://packagist.org/downloads/",
            "license": [
                "MIT"
            ],
            "authors": [
                {
                    "name": "Fabien Potencier",
                    "email": "fabien@symfony.com"
                },
                {
                    "name": "Symfony Community",
                    "homepage": "https://symfony.com/contributors"
                }
            ],
            "description": "Symfony Config Component",
            "homepage": "https://symfony.com",
            "support": {
                "source": "https://github.com/symfony/config/tree/v3.4.47"
            },
            "funding": [
                {
                    "url": "https://symfony.com/sponsor",
                    "type": "custom"
                },
                {
                    "url": "https://github.com/fabpot",
                    "type": "github"
                },
                {
                    "url": "https://tidelift.com/funding/github/packagist/symfony/symfony",
                    "type": "tidelift"
                }
            ],
            "time": "2020-10-24T10:57:07+00:00"
        },
        {
            "name": "symfony/dependency-injection",
            "version": "v3.4.47",
            "source": {
                "type": "git",
                "url": "https://github.com/symfony/dependency-injection.git",
                "reference": "51d2a2708c6ceadad84393f8581df1dcf9e5e84b"
            },
            "dist": {
                "type": "zip",
                "url": "https://api.github.com/repos/symfony/dependency-injection/zipball/51d2a2708c6ceadad84393f8581df1dcf9e5e84b",
                "reference": "51d2a2708c6ceadad84393f8581df1dcf9e5e84b",
                "shasum": ""
            },
            "require": {
                "php": "^5.5.9|>=7.0.8",
                "psr/container": "^1.0"
            },
            "conflict": {
                "symfony/config": "<3.3.7",
                "symfony/finder": "<3.3",
                "symfony/proxy-manager-bridge": "<3.4",
                "symfony/yaml": "<3.4"
            },
            "provide": {
                "psr/container-implementation": "1.0"
            },
            "require-dev": {
                "symfony/config": "~3.3|~4.0",
                "symfony/expression-language": "~2.8|~3.0|~4.0",
                "symfony/yaml": "~3.4|~4.0"
            },
            "suggest": {
                "symfony/config": "",
                "symfony/expression-language": "For using expressions in service container configuration",
                "symfony/finder": "For using double-star glob patterns or when GLOB_BRACE portability is required",
                "symfony/proxy-manager-bridge": "Generate service proxies to lazy load them",
                "symfony/yaml": ""
            },
            "type": "library",
            "autoload": {
                "psr-4": {
                    "Symfony\\Component\\DependencyInjection\\": ""
                },
                "exclude-from-classmap": [
                    "/Tests/"
                ]
            },
            "notification-url": "https://packagist.org/downloads/",
            "license": [
                "MIT"
            ],
            "authors": [
                {
                    "name": "Fabien Potencier",
                    "email": "fabien@symfony.com"
                },
                {
                    "name": "Symfony Community",
                    "homepage": "https://symfony.com/contributors"
                }
            ],
            "description": "Symfony DependencyInjection Component",
            "homepage": "https://symfony.com",
            "support": {
                "source": "https://github.com/symfony/dependency-injection/tree/v3.4.47"
            },
            "funding": [
                {
                    "url": "https://symfony.com/sponsor",
                    "type": "custom"
                },
                {
                    "url": "https://github.com/fabpot",
                    "type": "github"
                },
                {
                    "url": "https://tidelift.com/funding/github/packagist/symfony/symfony",
                    "type": "tidelift"
                }
            ],
            "time": "2020-10-24T10:57:07+00:00"
        },
        {
            "name": "symfony/filesystem",
            "version": "v3.4.47",
            "source": {
                "type": "git",
                "url": "https://github.com/symfony/filesystem.git",
                "reference": "e58d7841cddfed6e846829040dca2cca0ebbbbb3"
            },
            "dist": {
                "type": "zip",
                "url": "https://api.github.com/repos/symfony/filesystem/zipball/e58d7841cddfed6e846829040dca2cca0ebbbbb3",
                "reference": "e58d7841cddfed6e846829040dca2cca0ebbbbb3",
                "shasum": ""
            },
            "require": {
                "php": "^5.5.9|>=7.0.8",
                "symfony/polyfill-ctype": "~1.8"
            },
            "type": "library",
            "autoload": {
                "psr-4": {
                    "Symfony\\Component\\Filesystem\\": ""
                },
                "exclude-from-classmap": [
                    "/Tests/"
                ]
            },
            "notification-url": "https://packagist.org/downloads/",
            "license": [
                "MIT"
            ],
            "authors": [
                {
                    "name": "Fabien Potencier",
                    "email": "fabien@symfony.com"
                },
                {
                    "name": "Symfony Community",
                    "homepage": "https://symfony.com/contributors"
                }
            ],
            "description": "Symfony Filesystem Component",
            "homepage": "https://symfony.com",
            "support": {
                "source": "https://github.com/symfony/filesystem/tree/v3.4.47"
            },
            "funding": [
                {
                    "url": "https://symfony.com/sponsor",
                    "type": "custom"
                },
                {
                    "url": "https://github.com/fabpot",
                    "type": "github"
                },
                {
                    "url": "https://tidelift.com/funding/github/packagist/symfony/symfony",
                    "type": "tidelift"
                }
            ],
            "time": "2020-10-24T10:57:07+00:00"
        },
        {
            "name": "symfony/polyfill-ctype",
            "version": "v1.23.0",
            "source": {
                "type": "git",
                "url": "https://github.com/symfony/polyfill-ctype.git",
                "reference": "46cd95797e9df938fdd2b03693b5fca5e64b01ce"
            },
            "dist": {
                "type": "zip",
                "url": "https://api.github.com/repos/symfony/polyfill-ctype/zipball/46cd95797e9df938fdd2b03693b5fca5e64b01ce",
                "reference": "46cd95797e9df938fdd2b03693b5fca5e64b01ce",
                "shasum": ""
            },
            "require": {
                "php": ">=7.1"
            },
            "suggest": {
                "ext-ctype": "For best performance"
            },
            "type": "library",
            "extra": {
                "branch-alias": {
                    "dev-main": "1.23-dev"
                },
                "thanks": {
                    "name": "symfony/polyfill",
                    "url": "https://github.com/symfony/polyfill"
                }
            },
            "autoload": {
                "psr-4": {
                    "Symfony\\Polyfill\\Ctype\\": ""
                },
                "files": [
                    "bootstrap.php"
                ]
            },
            "notification-url": "https://packagist.org/downloads/",
            "license": [
                "MIT"
            ],
            "authors": [
                {
                    "name": "Gert de Pagter",
                    "email": "BackEndTea@gmail.com"
                },
                {
                    "name": "Symfony Community",
                    "homepage": "https://symfony.com/contributors"
                }
            ],
            "description": "Symfony polyfill for ctype functions",
            "homepage": "https://symfony.com",
            "keywords": [
                "compatibility",
                "ctype",
                "polyfill",
                "portable"
            ],
            "support": {
                "source": "https://github.com/symfony/polyfill-ctype/tree/v1.23.0"
            },
            "funding": [
                {
                    "url": "https://symfony.com/sponsor",
                    "type": "custom"
                },
                {
                    "url": "https://github.com/fabpot",
                    "type": "github"
                },
                {
                    "url": "https://tidelift.com/funding/github/packagist/symfony/symfony",
                    "type": "tidelift"
                }
            ],
            "time": "2021-02-19T12:13:01+00:00"
        },
        {
            "name": "symfony/yaml",
            "version": "v3.4.47",
            "source": {
                "type": "git",
                "url": "https://github.com/symfony/yaml.git",
                "reference": "88289caa3c166321883f67fe5130188ebbb47094"
            },
            "dist": {
                "type": "zip",
                "url": "https://api.github.com/repos/symfony/yaml/zipball/88289caa3c166321883f67fe5130188ebbb47094",
                "reference": "88289caa3c166321883f67fe5130188ebbb47094",
                "shasum": ""
            },
            "require": {
                "php": "^5.5.9|>=7.0.8",
                "symfony/polyfill-ctype": "~1.8"
            },
            "conflict": {
                "symfony/console": "<3.4"
            },
            "require-dev": {
                "symfony/console": "~3.4|~4.0"
            },
            "suggest": {
                "symfony/console": "For validating YAML files using the lint command"
            },
            "type": "library",
            "autoload": {
                "psr-4": {
                    "Symfony\\Component\\Yaml\\": ""
                },
                "exclude-from-classmap": [
                    "/Tests/"
                ]
            },
            "notification-url": "https://packagist.org/downloads/",
            "license": [
                "MIT"
            ],
            "authors": [
                {
                    "name": "Fabien Potencier",
                    "email": "fabien@symfony.com"
                },
                {
                    "name": "Symfony Community",
                    "homepage": "https://symfony.com/contributors"
                }
            ],
            "description": "Symfony Yaml Component",
            "homepage": "https://symfony.com",
            "support": {
                "source": "https://github.com/symfony/yaml/tree/v3.4.47"
            },
            "funding": [
                {
                    "url": "https://symfony.com/sponsor",
                    "type": "custom"
                },
                {
                    "url": "https://github.com/fabpot",
                    "type": "github"
                },
                {
                    "url": "https://tidelift.com/funding/github/packagist/symfony/symfony",
                    "type": "tidelift"
                }
            ],
            "time": "2020-10-24T10:57:07+00:00"
        },
        {
            "name": "twig/twig",
            "version": "v1.44.4",
            "source": {
                "type": "git",
                "url": "https://github.com/twigphp/Twig.git",
                "reference": "4d400421528e9fa40caaffcf7824c172526dd99d"
            },
            "dist": {
                "type": "zip",
                "url": "https://api.github.com/repos/twigphp/Twig/zipball/4d400421528e9fa40caaffcf7824c172526dd99d",
                "reference": "4d400421528e9fa40caaffcf7824c172526dd99d",
                "shasum": ""
            },
            "require": {
                "php": ">=7.2.5",
                "symfony/polyfill-ctype": "^1.8"
            },
            "require-dev": {
                "psr/container": "^1.0",
                "symfony/phpunit-bridge": "^4.4.9|^5.0.9"
            },
            "type": "library",
            "extra": {
                "branch-alias": {
                    "dev-master": "1.44-dev"
                }
            },
            "autoload": {
                "psr-0": {
                    "Twig_": "lib/"
                },
                "psr-4": {
                    "Twig\\": "src/"
                }
            },
            "notification-url": "https://packagist.org/downloads/",
            "license": [
                "BSD-3-Clause"
            ],
            "authors": [
                {
                    "name": "Fabien Potencier",
                    "email": "fabien@symfony.com",
                    "homepage": "http://fabien.potencier.org",
                    "role": "Lead Developer"
                },
                {
                    "name": "Twig Team",
                    "role": "Contributors"
                },
                {
                    "name": "Armin Ronacher",
                    "email": "armin.ronacher@active-4.com",
                    "role": "Project Founder"
                }
            ],
            "description": "Twig, the flexible, fast, and secure template language for PHP",
            "homepage": "https://twig.symfony.com",
            "keywords": [
                "templating"
            ],
            "support": {
                "issues": "https://github.com/twigphp/Twig/issues",
                "source": "https://github.com/twigphp/Twig/tree/v1.44.4"
            },
            "funding": [
                {
                    "url": "https://github.com/fabpot",
                    "type": "github"
                },
                {
                    "url": "https://tidelift.com/funding/github/packagist/twig/twig",
                    "type": "tidelift"
                }
            ],
            "time": "2021-05-16T12:11:20+00:00"
        }
    ],
    "packages-dev": [],
    "aliases": [
        {
            "package": "jakoch/phantomjs-installer",
            "version": "3.0.0.0",
            "alias": "2.1.1-p08",
            "alias_normalized": "2.1.1.0-patch08"
        }
    ],
    "minimum-stability": "stable",
    "stability-flags": [],
    "prefer-stable": false,
    "prefer-lowest": false,
    "platform": {
        "php": ">=5.6.20",
        "ext-mbstring": "*",
        "ext-json": "*"
    },
    "platform-dev": [],
    "plugin-api-version": "2.1.0"
}
